
Microsoft Visual Studio Solution File, Format Version 12.00
# Visual Studio Version 17
VisualStudioVersion = 17.12.35506.116
MinimumVisualStudioVersion = 10.0.40219.1
Project("{2150E333-8FDC-42A3-9474-1A3956D46DE8}") = "ChainOfResponsibilityDesignPattern", "ChainOfResponsibilityDesignPattern", "{2CA319BC-E803-40FE-AF4B-34EB81C4D03C}"
EndProject
Project("{FAE04EC0-301F-11D3-BF4B-00C04F79EFBC}") = "DesignPattern.ChainOfResponsibility", "DesignPattern.ChainOfResponsibility\DesignPattern.ChainOfResponsibility.csproj", "{33842AD5-F258-46A7-A994-8D4E4CE129AD}"
EndProject
Project("{2150E333-8FDC-42A3-9474-1A3956D46DE8}") = "CQRSDesignPattern", "CQRSDesignPattern", "{446792F6-E24A-4D2F-B9EF-3E0C7F0698D5}"
EndProject
Project("{FAE04EC0-301F-11D3-BF4B-00C04F79EFBC}") = "DesignPattern.CQRS", "CQRSDesignPattern\DesignPattern.CQRS\DesignPattern.CQRS.csproj", "{588C08FC-54B6-4F20-85A8-05D40C16E638}"
EndProject
Project("{2150E333-8FDC-42A3-9474-1A3956D46DE8}") = "TemplateMethodDesignPattern", "TemplateMethodDesignPattern", "{F483D88C-4A0C-4BA6-88D4-B702AA8F247C}"
EndProject
Project("{FAE04EC0-301F-11D3-BF4B-00C04F79EFBC}") = "DesignPattern.TemplateMethod", "TemplateMethodDesignPattern\DesignPattern.TemplateMethod\DesignPattern.TemplateMethod.csproj", "{6FBC6E62-9035-436E-8282-85453F713C84}"
EndProject
Project("{2150E333-8FDC-42A3-9474-1A3956D46DE8}") = "ObserverDesignPattern", "ObserverDesignPattern", "{74BD9BBD-A7BD-4E23-A3AD-E44BCE11C388}"
EndProject
Project("{FAE04EC0-301F-11D3-BF4B-00C04F79EFBC}") = "DesignPattern.Observer", "ObserverDesignPattern\DesignPattern.Observer\DesignPattern.Observer.csproj", "{900A2F6E-6198-490D-A461-F2D791EA8B01}"
EndProject
Project("{2150E333-8FDC-42A3-9474-1A3956D46DE8}") = "UnitOfWorkDesignPattern", "UnitOfWorkDesignPattern", "{A588786A-9B6E-4C1B-9C50-D962B6BBF817}"
EndProject
Project("{FAE04EC0-301F-11D3-BF4B-00C04F79EFBC}") = "DesignPattern.UnitOfWork", "UnitOfWorkDesignPattern\DesignPattern.UnitOfWork\DesignPattern.UnitOfWork.csproj", "{298E2564-2426-423D-AE11-FE9A95D7D541}"
EndProject
Project("{FAE04EC0-301F-11D3-BF4B-00C04F79EFBC}") = "DesignPattern.EntityLayer", "UnitOfWorkDesignPattern\DesignPattern.EntityLayer\DesignPattern.EntityLayer.csproj", "{937B6326-D9CB-476C-8D9D-3B0AD0A8730D}"
EndProject
Project("{FAE04EC0-301F-11D3-BF4B-00C04F79EFBC}") = "DesignPattern.DataAccessLayer", "UnitOfWorkDesignPattern\DesignPattern.DataAccessLayer\DesignPattern.DataAccessLayer.csproj", "{BBEE1D54-F288-4164-B8B8-F717642272F5}"
EndProject
Project("{FAE04EC0-301F-11D3-BF4B-00C04F79EFBC}") = "DesignPattern.BusinessLayer", "UnitOfWorkDesignPattern\DesignPattern.BusinessLayer\DesignPattern.BusinessLayer.csproj", "{5DA2A5E1-E266-42F9-A708-FFE7E1D0E708}"
EndProject
Project("{2150E333-8FDC-42A3-9474-1A3956D46DE8}") = "RepositoryDesignPattern", "RepositoryDesignPattern", "{EDFDB7F1-7CD6-4E5D-89A7-C3FE074392A0}"
EndProject
Project("{FAE04EC0-301F-11D3-BF4B-00C04F79EFBC}") = "RepositoryDesignPattern.EntityLayer", "RepositoryDesignPattern\RepositoryDesignPattern.EntityLayer\RepositoryDesignPattern.EntityLayer.csproj", "{EE3AD3F8-C933-4604-B6B3-F5D40FE4AE86}"
EndProject
Project("{FAE04EC0-301F-11D3-BF4B-00C04F79EFBC}") = "RepositoryDesignPattern.DataAccessLayer", "..\DesignPatternsRepository\DesignPattern\RepositoryDesignPattern.DataAccessLayer\RepositoryDesignPattern.DataAccessLayer.csproj", "{8F05580F-F881-45E8-8A51-085E2FA17F60}"
EndProject
Project("{FAE04EC0-301F-11D3-BF4B-00C04F79EFBC}") = "RepositoryDesignPattern.BusinessLayer", "RepositoryDesignPattern\RepositoryDesignPattern.BusinessLayer\RepositoryDesignPattern.BusinessLayer.csproj", "{BE562826-0614-46C2-B244-8C7DD3552BA0}"
EndProject
Project("{FAE04EC0-301F-11D3-BF4B-00C04F79EFBC}") = "RepositoryDesignPattern.PresentationLayer", "RepositoryDesignPattern\RepositoryDesignPattern.PresentationLayer\RepositoryDesignPattern.PresentationLayer.csproj", "{F9FB0F2B-0590-47E6-AEBB-FE3E9545203B}"
EndProject
Project("{2150E333-8FDC-42A3-9474-1A3956D46DE8}") = "CompositeDesignPattern", "CompositeDesignPattern", "{B52B024A-7C1A-4E99-8A5E-DD847D57DC54}"
EndProject
Project("{FAE04EC0-301F-11D3-BF4B-00C04F79EFBC}") = "DesignPattern.Composite", "CompositeDesignPattern\DesignPattern.Composite\DesignPattern.Composite.csproj", "{CCA684C0-37EE-4A10-814B-39B2A441AEC5}"
EndProject
Project("{2150E333-8FDC-42A3-9474-1A3956D46DE8}") = "MediatorDesignPattern", "MediatorDesignPattern", "{4216A740-D8A2-4AC8-8573-F7C8489F10F5}"
EndProject
Project("{FAE04EC0-301F-11D3-BF4B-00C04F79EFBC}") = "DesignPattern.Mediator", "MediatorDesignPattern\DesignPattern.Mediator\DesignPattern.Mediator.csproj", "{53359EBD-1BF3-4902-B86A-78BFAAA8018E}"
EndProject
Project("{2150E333-8FDC-42A3-9474-1A3956D46DE8}") = "IteratorDesignPattern", "IteratorDesignPattern", "{A677B5A1-4D37-42F5-9983-450A5D868914}"
EndProject
Project("{FAE04EC0-301F-11D3-BF4B-00C04F79EFBC}") = "DesignPattern.Iterator", "IteratorDesignPattern\DesignPattern.Iterator\DesignPattern.Iterator.csproj", "{7FAE0C72-06D6-47F5-A0FE-4EBDD5043FA1}"
EndProject
Project("{2150E333-8FDC-42A3-9474-1A3956D46DE8}") = "FacadeDesignPattern", "FacadeDesignPattern", "{A3D11A6F-13BD-41A0-8A84-54F0CC469376}"
EndProject
Project("{FAE04EC0-301F-11D3-BF4B-00C04F79EFBC}") = "DesignPattern.Facade", "FacadeDesignPattern\DesignPattern.Facade\DesignPattern.Facade.csproj", "{4B55959D-F5C6-4163-9F37-DBC83D14B9C5}"
EndProject
Global
	GlobalSection(SolutionConfigurationPlatforms) = preSolution
		Debug|Any CPU = Debug|Any CPU
		Release|Any CPU = Release|Any CPU
	EndGlobalSection
	GlobalSection(ProjectConfigurationPlatforms) = postSolution
		{33842AD5-F258-46A7-A994-8D4E4CE129AD}.Debug|Any CPU.ActiveCfg = Debug|Any CPU
		{33842AD5-F258-46A7-A994-8D4E4CE129AD}.Debug|Any CPU.Build.0 = Debug|Any CPU
		{33842AD5-F258-46A7-A994-8D4E4CE129AD}.Release|Any CPU.ActiveCfg = Release|Any CPU
		{33842AD5-F258-46A7-A994-8D4E4CE129AD}.Release|Any CPU.Build.0 = Release|Any CPU
		{588C08FC-54B6-4F20-85A8-05D40C16E638}.Debug|Any CPU.ActiveCfg = Debug|Any CPU
		{588C08FC-54B6-4F20-85A8-05D40C16E638}.Debug|Any CPU.Build.0 = Debug|Any CPU
		{588C08FC-54B6-4F20-85A8-05D40C16E638}.Release|Any CPU.ActiveCfg = Release|Any CPU
		{588C08FC-54B6-4F20-85A8-05D40C16E638}.Release|Any CPU.Build.0 = Release|Any CPU
		{6FBC6E62-9035-436E-8282-85453F713C84}.Debug|Any CPU.ActiveCfg = Debug|Any CPU
		{6FBC6E62-9035-436E-8282-85453F713C84}.Debug|Any CPU.Build.0 = Debug|Any CPU
		{6FBC6E62-9035-436E-8282-85453F713C84}.Release|Any CPU.ActiveCfg = Release|Any CPU
		{6FBC6E62-9035-436E-8282-85453F713C84}.Release|Any CPU.Build.0 = Release|Any CPU
		{900A2F6E-6198-490D-A461-F2D791EA8B01}.Debug|Any CPU.ActiveCfg = Debug|Any CPU
		{900A2F6E-6198-490D-A461-F2D791EA8B01}.Debug|Any CPU.Build.0 = Debug|Any CPU
		{900A2F6E-6198-490D-A461-F2D791EA8B01}.Release|Any CPU.ActiveCfg = Release|Any CPU
		{900A2F6E-6198-490D-A461-F2D791EA8B01}.Release|Any CPU.Build.0 = Release|Any CPU
		{298E2564-2426-423D-AE11-FE9A95D7D541}.Debug|Any CPU.ActiveCfg = Debug|Any CPU
		{298E2564-2426-423D-AE11-FE9A95D7D541}.Debug|Any CPU.Build.0 = Debug|Any CPU
		{298E2564-2426-423D-AE11-FE9A95D7D541}.Release|Any CPU.ActiveCfg = Release|Any CPU
		{298E2564-2426-423D-AE11-FE9A95D7D541}.Release|Any CPU.Build.0 = Release|Any CPU
		{937B6326-D9CB-476C-8D9D-3B0AD0A8730D}.Debug|Any CPU.ActiveCfg = Debug|Any CPU
		{937B6326-D9CB-476C-8D9D-3B0AD0A8730D}.Debug|Any CPU.Build.0 = Debug|Any CPU
		{937B6326-D9CB-476C-8D9D-3B0AD0A8730D}.Release|Any CPU.ActiveCfg = Release|Any CPU
		{937B6326-D9CB-476C-8D9D-3B0AD0A8730D}.Release|Any CPU.Build.0 = Release|Any CPU
		{BBEE1D54-F288-4164-B8B8-F717642272F5}.Debug|Any CPU.ActiveCfg = Debug|Any CPU
		{BBEE1D54-F288-4164-B8B8-F717642272F5}.Debug|Any CPU.Build.0 = Debug|Any CPU
		{BBEE1D54-F288-4164-B8B8-F717642272F5}.Release|Any CPU.ActiveCfg = Release|Any CPU
		{BBEE1D54-F288-4164-B8B8-F717642272F5}.Release|Any CPU.Build.0 = Release|Any CPU
		{5DA2A5E1-E266-42F9-A708-FFE7E1D0E708}.Debug|Any CPU.ActiveCfg = Debug|Any CPU
		{5DA2A5E1-E266-42F9-A708-FFE7E1D0E708}.Debug|Any CPU.Build.0 = Debug|Any CPU
		{5DA2A5E1-E266-42F9-A708-FFE7E1D0E708}.Release|Any CPU.ActiveCfg = Release|Any CPU
		{5DA2A5E1-E266-42F9-A708-FFE7E1D0E708}.Release|Any CPU.Build.0 = Release|Any CPU
		{EE3AD3F8-C933-4604-B6B3-F5D40FE4AE86}.Debug|Any CPU.ActiveCfg = Debug|Any CPU
		{EE3AD3F8-C933-4604-B6B3-F5D40FE4AE86}.Debug|Any CPU.Build.0 = Debug|Any CPU
		{EE3AD3F8-C933-4604-B6B3-F5D40FE4AE86}.Release|Any CPU.ActiveCfg = Release|Any CPU
		{EE3AD3F8-C933-4604-B6B3-F5D40FE4AE86}.Release|Any CPU.Build.0 = Release|Any CPU
		{8F05580F-F881-45E8-8A51-085E2FA17F60}.Debug|Any CPU.ActiveCfg = Debug|Any CPU
		{8F05580F-F881-45E8-8A51-085E2FA17F60}.Debug|Any CPU.Build.0 = Debug|Any CPU
		{8F05580F-F881-45E8-8A51-085E2FA17F60}.Release|Any CPU.ActiveCfg = Release|Any CPU
		{8F05580F-F881-45E8-8A51-085E2FA17F60}.Release|Any CPU.Build.0 = Release|Any CPU
		{BE562826-0614-46C2-B244-8C7DD3552BA0}.Debug|Any CPU.ActiveCfg = Debug|Any CPU
		{BE562826-0614-46C2-B244-8C7DD3552BA0}.Debug|Any CPU.Build.0 = Debug|Any CPU
		{BE562826-0614-46C2-B244-8C7DD3552BA0}.Release|Any CPU.ActiveCfg = Release|Any CPU
		{BE562826-0614-46C2-B244-8C7DD3552BA0}.Release|Any CPU.Build.0 = Release|Any CPU
		{F9FB0F2B-0590-47E6-AEBB-FE3E9545203B}.Debug|Any CPU.ActiveCfg = Debug|Any CPU
		{F9FB0F2B-0590-47E6-AEBB-FE3E9545203B}.Debug|Any CPU.Build.0 = Debug|Any CPU
		{F9FB0F2B-0590-47E6-AEBB-FE3E9545203B}.Release|Any CPU.ActiveCfg = Release|Any CPU
		{F9FB0F2B-0590-47E6-AEBB-FE3E9545203B}.Release|Any CPU.Build.0 = Release|Any CPU
		{CCA684C0-37EE-4A10-814B-39B2A441AEC5}.Debug|Any CPU.ActiveCfg = Debug|Any CPU
		{CCA684C0-37EE-4A10-814B-39B2A441AEC5}.Debug|Any CPU.Build.0 = Debug|Any CPU
		{CCA684C0-37EE-4A10-814B-39B2A441AEC5}.Release|Any CPU.ActiveCfg = Release|Any CPU
		{CCA684C0-37EE-4A10-814B-39B2A441AEC5}.Release|Any CPU.Build.0 = Release|Any CPU
		{53359EBD-1BF3-4902-B86A-78BFAAA8018E}.Debug|Any CPU.ActiveCfg = Debug|Any CPU
		{53359EBD-1BF3-4902-B86A-78BFAAA8018E}.Debug|Any CPU.Build.0 = Debug|Any CPU
		{53359EBD-1BF3-4902-B86A-78BFAAA8018E}.Release|Any CPU.ActiveCfg = Release|Any CPU
		{53359EBD-1BF3-4902-B86A-78BFAAA8018E}.Release|Any CPU.Build.0 = Release|Any CPU
		{7FAE0C72-06D6-47F5-A0FE-4EBDD5043FA1}.Debug|Any CPU.ActiveCfg = Debug|Any CPU
		{7FAE0C72-06D6-47F5-A0FE-4EBDD5043FA1}.Debug|Any CPU.Build.0 = Debug|Any CPU
		{7FAE0C72-06D6-47F5-A0FE-4EBDD5043FA1}.Release|Any CPU.ActiveCfg = Release|Any CPU
		{7FAE0C72-06D6-47F5-A0FE-4EBDD5043FA1}.Release|Any CPU.Build.0 = Release|Any CPU
		{4B55959D-F5C6-4163-9F37-DBC83D14B9C5}.Debug|Any CPU.ActiveCfg = Debug|Any CPU
		{4B55959D-F5C6-4163-9F37-DBC83D14B9C5}.Debug|Any CPU.Build.0 = Debug|Any CPU
		{4B55959D-F5C6-4163-9F37-DBC83D14B9C5}.Release|Any CPU.ActiveCfg = Release|Any CPU
		{4B55959D-F5C6-4163-9F37-DBC83D14B9C5}.Release|Any CPU.Build.0 = Release|Any CPU
	EndGlobalSection
	GlobalSection(SolutionProperties) = preSolution
		HideSolutionNode = FALSE
	EndGlobalSection
	GlobalSection(NestedProjects) = preSolution
		{33842AD5-F258-46A7-A994-8D4E4CE129AD} = {2CA319BC-E803-40FE-AF4B-34EB81C4D03C}
		{588C08FC-54B6-4F20-85A8-05D40C16E638} = {446792F6-E24A-4D2F-B9EF-3E0C7F0698D5}
		{6FBC6E62-9035-436E-8282-85453F713C84} = {F483D88C-4A0C-4BA6-88D4-B702AA8F247C}
		{900A2F6E-6198-490D-A461-F2D791EA8B01} = {74BD9BBD-A7BD-4E23-A3AD-E44BCE11C388}
		{298E2564-2426-423D-AE11-FE9A95D7D541} = {A588786A-9B6E-4C1B-9C50-D962B6BBF817}
		{937B6326-D9CB-476C-8D9D-3B0AD0A8730D} = {A588786A-9B6E-4C1B-9C50-D962B6BBF817}
		{BBEE1D54-F288-4164-B8B8-F717642272F5} = {A588786A-9B6E-4C1B-9C50-D962B6BBF817}
		{5DA2A5E1-E266-42F9-A708-FFE7E1D0E708} = {A588786A-9B6E-4C1B-9C50-D962B6BBF817}
		{EE3AD3F8-C933-4604-B6B3-F5D40FE4AE86} = {EDFDB7F1-7CD6-4E5D-89A7-C3FE074392A0}
		{8F05580F-F881-45E8-8A51-085E2FA17F60} = {EDFDB7F1-7CD6-4E5D-89A7-C3FE074392A0}
		{BE562826-0614-46C2-B244-8C7DD3552BA0} = {EDFDB7F1-7CD6-4E5D-89A7-C3FE074392A0}
		{F9FB0F2B-0590-47E6-AEBB-FE3E9545203B} = {EDFDB7F1-7CD6-4E5D-89A7-C3FE074392A0}
		{CCA684C0-37EE-4A10-814B-39B2A441AEC5} = {B52B024A-7C1A-4E99-8A5E-DD847D57DC54}
		{53359EBD-1BF3-4902-B86A-78BFAAA8018E} = {4216A740-D8A2-4AC8-8573-F7C8489F10F5}
		{7FAE0C72-06D6-47F5-A0FE-4EBDD5043FA1} = {A677B5A1-4D37-42F5-9983-450A5D868914}
		{4B55959D-F5C6-4163-9F37-DBC83D14B9C5} = {A3D11A6F-13BD-41A0-8A84-54F0CC469376}
	EndGlobalSection
EndGlobal
